
Microsoft Visual Studio Solution File, Format Version 12.00
# Visual Studio Version 17
VisualStudioVersion = 17.0.31903.59
MinimumVisualStudioVersion = 10.0.40219.1
Project("{2150E333-8FDC-42A3-9474-1A3956D46DE8}") = "Services", "Services", "{5854FF58-B8C5-05C6-5BF2-ACE42193F22B}"
EndProject
Project("{9A19103F-16F7-4668-BE54-9A1E7A4F7556}") = "Catalog.API", "Services\Catalog.API\Catalog.API.csproj", "{02536C8C-4AE3-415A-8CE8-B22FC1D15866}"
EndProject
Project("{9A19103F-16F7-4668-BE54-9A1E7A4F7556}") = "BuildingBlocks", "BuildingBlocks\BuildingBlocks.csproj", "{2E5796BF-A4A4-466B-8CE1-4F184805540C}"
EndProject
Project("{E53339B2-1760-4266-BCC7-CA923CBCF16C}") = "docker-compose", "docker-compose.dcproj", "{81DDED9D-158B-E303-5F62-77A2896D2A5A}"
EndProject
Project("{2150E333-8FDC-42A3-9474-1A3956D46DE8}") = "Basket.API", "Basket.API", "{02EA681E-C7D8-13C7-8484-4AC65E1B71E8}"
EndProject
Project("{FAE04EC0-301F-11D3-BF4B-00C04F79EFBC}") = "Basket.API", "Services\Basket.API\Basket.API\Basket.API.csproj", "{FD652EB9-9AAD-4C19-B4C7-FF488290AC19}"
EndProject
Project("{2150E333-8FDC-42A3-9474-1A3956D46DE8}") = "Catalog.API", "Catalog.API", "{335C1572-6199-4DCF-917E-4505B8377079}"
EndProject
Project("{2150E333-8FDC-42A3-9474-1A3956D46DE8}") = "Discount.gRPC", "Discount.gRPC", "{332BB80D-6FF8-4078-BF20-B5274F98D03D}"
EndProject
Project("{FAE04EC0-301F-11D3-BF4B-00C04F79EFBC}") = "Discount.gRPC", "Services\Discount.gRPC\Discount.gRPC\Discount.gRPC.csproj", "{4261F4FA-0925-484B-A444-5559DC0FDC75}"
EndProject
Project("{2150E333-8FDC-42A3-9474-1A3956D46DE8}") = "Ordering", "Ordering", "{DF9E2B84-EF2A-45F8-9AB2-2EB4B1958745}"
EndProject
Project("{FAE04EC0-301F-11D3-BF4B-00C04F79EFBC}") = "Ordering.API", "Services\Ordering\Ordering.API\Ordering.API.csproj", "{FBC15D59-C3E3-4949-B16F-7C4CF8A234E7}"
EndProject
Project("{FAE04EC0-301F-11D3-BF4B-00C04F79EFBC}") = "Ordering.Domain", "Services\Ordering\Ordering.Domain\Ordering.Domain.csproj", "{12EFC7DB-5E4B-4357-864B-3F588119FB1A}"
EndProject
Project("{FAE04EC0-301F-11D3-BF4B-00C04F79EFBC}") = "Ordering.Application", "Services\Ordering\Ordering.Application\Ordering.Application.csproj", "{5B522CC7-9D74-495B-ACBC-BBF7F96CD64D}"
EndProject
Project("{FAE04EC0-301F-11D3-BF4B-00C04F79EFBC}") = "Ordering.Infrastructure", "Services\Ordering\Ordering.Infrastructure\Ordering.Infrastructure.csproj", "{C34AD15F-CC3F-4A5E-95A4-87A1F1B80B7A}"
EndProject
Global
	GlobalSection(SolutionConfigurationPlatforms) = preSolution
		Debug|Any CPU = Debug|Any CPU
		Debug|x64 = Debug|x64
		Debug|x86 = Debug|x86
		Release|Any CPU = Release|Any CPU
		Release|x64 = Release|x64
		Release|x86 = Release|x86
	EndGlobalSection
	GlobalSection(ProjectConfigurationPlatforms) = postSolution
		{02536C8C-4AE3-415A-8CE8-B22FC1D15866}.Debug|Any CPU.ActiveCfg = Debug|Any CPU
		{02536C8C-4AE3-415A-8CE8-B22FC1D15866}.Debug|Any CPU.Build.0 = Debug|Any CPU
		{02536C8C-4AE3-415A-8CE8-B22FC1D15866}.Debug|x64.ActiveCfg = Debug|Any CPU
		{02536C8C-4AE3-415A-8CE8-B22FC1D15866}.Debug|x64.Build.0 = Debug|Any CPU
		{02536C8C-4AE3-415A-8CE8-B22FC1D15866}.Debug|x86.ActiveCfg = Debug|Any CPU
		{02536C8C-4AE3-415A-8CE8-B22FC1D15866}.Debug|x86.Build.0 = Debug|Any CPU
		{02536C8C-4AE3-415A-8CE8-B22FC1D15866}.Release|Any CPU.ActiveCfg = Release|Any CPU
		{02536C8C-4AE3-415A-8CE8-B22FC1D15866}.Release|Any CPU.Build.0 = Release|Any CPU
		{02536C8C-4AE3-415A-8CE8-B22FC1D15866}.Release|x64.ActiveCfg = Release|Any CPU
		{02536C8C-4AE3-415A-8CE8-B22FC1D15866}.Release|x64.Build.0 = Release|Any CPU
		{02536C8C-4AE3-415A-8CE8-B22FC1D15866}.Release|x86.ActiveCfg = Release|Any CPU
		{02536C8C-4AE3-415A-8CE8-B22FC1D15866}.Release|x86.Build.0 = Release|Any CPU
		{2E5796BF-A4A4-466B-8CE1-4F184805540C}.Debug|Any CPU.ActiveCfg = Debug|Any CPU
		{2E5796BF-A4A4-466B-8CE1-4F184805540C}.Debug|Any CPU.Build.0 = Debug|Any CPU
		{2E5796BF-A4A4-466B-8CE1-4F184805540C}.Debug|x64.ActiveCfg = Debug|Any CPU
		{2E5796BF-A4A4-466B-8CE1-4F184805540C}.Debug|x64.Build.0 = Debug|Any CPU
		{2E5796BF-A4A4-466B-8CE1-4F184805540C}.Debug|x86.ActiveCfg = Debug|Any CPU
		{2E5796BF-A4A4-466B-8CE1-4F184805540C}.Debug|x86.Build.0 = Debug|Any CPU
		{2E5796BF-A4A4-466B-8CE1-4F184805540C}.Release|Any CPU.ActiveCfg = Release|Any CPU
		{2E5796BF-A4A4-466B-8CE1-4F184805540C}.Release|Any CPU.Build.0 = Release|Any CPU
		{2E5796BF-A4A4-466B-8CE1-4F184805540C}.Release|x64.ActiveCfg = Release|Any CPU
		{2E5796BF-A4A4-466B-8CE1-4F184805540C}.Release|x64.Build.0 = Release|Any CPU
		{2E5796BF-A4A4-466B-8CE1-4F184805540C}.Release|x86.ActiveCfg = Release|Any CPU
		{2E5796BF-A4A4-466B-8CE1-4F184805540C}.Release|x86.Build.0 = Release|Any CPU
		{81DDED9D-158B-E303-5F62-77A2896D2A5A}.Debug|Any CPU.ActiveCfg = Debug|Any CPU
		{81DDED9D-158B-E303-5F62-77A2896D2A5A}.Debug|Any CPU.Build.0 = Debug|Any CPU
		{81DDED9D-158B-E303-5F62-77A2896D2A5A}.Debug|x64.ActiveCfg = Debug|Any CPU
		{81DDED9D-158B-E303-5F62-77A2896D2A5A}.Debug|x64.Build.0 = Debug|Any CPU
		{81DDED9D-158B-E303-5F62-77A2896D2A5A}.Debug|x86.ActiveCfg = Debug|Any CPU
		{81DDED9D-158B-E303-5F62-77A2896D2A5A}.Debug|x86.Build.0 = Debug|Any CPU
		{81DDED9D-158B-E303-5F62-77A2896D2A5A}.Release|Any CPU.ActiveCfg = Release|Any CPU
		{81DDED9D-158B-E303-5F62-77A2896D2A5A}.Release|Any CPU.Build.0 = Release|Any CPU
		{81DDED9D-158B-E303-5F62-77A2896D2A5A}.Release|x64.ActiveCfg = Release|Any CPU
		{81DDED9D-158B-E303-5F62-77A2896D2A5A}.Release|x64.Build.0 = Release|Any CPU
		{81DDED9D-158B-E303-5F62-77A2896D2A5A}.Release|x86.ActiveCfg = Release|Any CPU
		{81DDED9D-158B-E303-5F62-77A2896D2A5A}.Release|x86.Build.0 = Release|Any CPU
		{FD652EB9-9AAD-4C19-B4C7-FF488290AC19}.Debug|Any CPU.ActiveCfg = Debug|Any CPU
		{FD652EB9-9AAD-4C19-B4C7-FF488290AC19}.Debug|Any CPU.Build.0 = Debug|Any CPU
		{FD652EB9-9AAD-4C19-B4C7-FF488290AC19}.Debug|x64.ActiveCfg = Debug|Any CPU
		{FD652EB9-9AAD-4C19-B4C7-FF488290AC19}.Debug|x64.Build.0 = Debug|Any CPU
		{FD652EB9-9AAD-4C19-B4C7-FF488290AC19}.Debug|x86.ActiveCfg = Debug|Any CPU
		{FD652EB9-9AAD-4C19-B4C7-FF488290AC19}.Debug|x86.Build.0 = Debug|Any CPU
		{FD652EB9-9AAD-4C19-B4C7-FF488290AC19}.Release|Any CPU.ActiveCfg = Release|Any CPU
		{FD652EB9-9AAD-4C19-B4C7-FF488290AC19}.Release|Any CPU.Build.0 = Release|Any CPU
		{FD652EB9-9AAD-4C19-B4C7-FF488290AC19}.Release|x64.ActiveCfg = Release|Any CPU
		{FD652EB9-9AAD-4C19-B4C7-FF488290AC19}.Release|x64.Build.0 = Release|Any CPU
		{FD652EB9-9AAD-4C19-B4C7-FF488290AC19}.Release|x86.ActiveCfg = Release|Any CPU
		{FD652EB9-9AAD-4C19-B4C7-FF488290AC19}.Release|x86.Build.0 = Release|Any CPU
		{4261F4FA-0925-484B-A444-5559DC0FDC75}.Debug|Any CPU.ActiveCfg = Debug|Any CPU
		{4261F4FA-0925-484B-A444-5559DC0FDC75}.Debug|Any CPU.Build.0 = Debug|Any CPU
		{4261F4FA-0925-484B-A444-5559DC0FDC75}.Debug|x64.ActiveCfg = Debug|Any CPU
		{4261F4FA-0925-484B-A444-5559DC0FDC75}.Debug|x64.Build.0 = Debug|Any CPU
		{4261F4FA-0925-484B-A444-5559DC0FDC75}.Debug|x86.ActiveCfg = Debug|Any CPU
		{4261F4FA-0925-484B-A444-5559DC0FDC75}.Debug|x86.Build.0 = Debug|Any CPU
		{4261F4FA-0925-484B-A444-5559DC0FDC75}.Release|Any CPU.ActiveCfg = Release|Any CPU
		{4261F4FA-0925-484B-A444-5559DC0FDC75}.Release|Any CPU.Build.0 = Release|Any CPU
		{4261F4FA-0925-484B-A444-5559DC0FDC75}.Release|x64.ActiveCfg = Release|Any CPU
		{4261F4FA-0925-484B-A444-5559DC0FDC75}.Release|x64.Build.0 = Release|Any CPU
		{4261F4FA-0925-484B-A444-5559DC0FDC75}.Release|x86.ActiveCfg = Release|Any CPU
		{4261F4FA-0925-484B-A444-5559DC0FDC75}.Release|x86.Build.0 = Release|Any CPU
		{FBC15D59-C3E3-4949-B16F-7C4CF8A234E7}.Debug|Any CPU.ActiveCfg = Debug|Any CPU
		{FBC15D59-C3E3-4949-B16F-7C4CF8A234E7}.Debug|Any CPU.Build.0 = Debug|Any CPU
		{FBC15D59-C3E3-4949-B16F-7C4CF8A234E7}.Debug|x64.ActiveCfg = Debug|Any CPU
		{FBC15D59-C3E3-4949-B16F-7C4CF8A234E7}.Debug|x64.Build.0 = Debug|Any CPU
		{FBC15D59-C3E3-4949-B16F-7C4CF8A234E7}.Debug|x86.ActiveCfg = Debug|Any CPU
		{FBC15D59-C3E3-4949-B16F-7C4CF8A234E7}.Debug|x86.Build.0 = Debug|Any CPU
		{FBC15D59-C3E3-4949-B16F-7C4CF8A234E7}.Release|Any CPU.ActiveCfg = Release|Any CPU
		{FBC15D59-C3E3-4949-B16F-7C4CF8A234E7}.Release|Any CPU.Build.0 = Release|Any CPU
		{FBC15D59-C3E3-4949-B16F-7C4CF8A234E7}.Release|x64.ActiveCfg = Release|Any CPU
		{FBC15D59-C3E3-4949-B16F-7C4CF8A234E7}.Release|x64.Build.0 = Release|Any CPU
		{FBC15D59-C3E3-4949-B16F-7C4CF8A234E7}.Release|x86.ActiveCfg = Release|Any CPU
		{FBC15D59-C3E3-4949-B16F-7C4CF8A234E7}.Release|x86.Build.0 = Release|Any CPU
		{12EFC7DB-5E4B-4357-864B-3F588119FB1A}.Debug|Any CPU.ActiveCfg = Debug|Any CPU
		{12EFC7DB-5E4B-4357-864B-3F588119FB1A}.Debug|Any CPU.Build.0 = Debug|Any CPU
		{12EFC7DB-5E4B-4357-864B-3F588119FB1A}.Debug|x64.ActiveCfg = Debug|Any CPU
		{12EFC7DB-5E4B-4357-864B-3F588119FB1A}.Debug|x64.Build.0 = Debug|Any CPU
		{12EFC7DB-5E4B-4357-864B-3F588119FB1A}.Debug|x86.ActiveCfg = Debug|Any CPU
		{12EFC7DB-5E4B-4357-864B-3F588119FB1A}.Debug|x86.Build.0 = Debug|Any CPU
		{12EFC7DB-5E4B-4357-864B-3F588119FB1A}.Release|Any CPU.ActiveCfg = Release|Any CPU
		{12EFC7DB-5E4B-4357-864B-3F588119FB1A}.Release|Any CPU.Build.0 = Release|Any CPU
		{12EFC7DB-5E4B-4357-864B-3F588119FB1A}.Release|x64.ActiveCfg = Release|Any CPU
		{12EFC7DB-5E4B-4357-864B-3F588119FB1A}.Release|x64.Build.0 = Release|Any CPU
		{12EFC7DB-5E4B-4357-864B-3F588119FB1A}.Release|x86.ActiveCfg = Release|Any CPU
		{12EFC7DB-5E4B-4357-864B-3F588119FB1A}.Release|x86.Build.0 = Release|Any CPU
		{5B522CC7-9D74-495B-ACBC-BBF7F96CD64D}.Debug|Any CPU.ActiveCfg = Debug|Any CPU
		{5B522CC7-9D74-495B-ACBC-BBF7F96CD64D}.Debug|Any CPU.Build.0 = Debug|Any CPU
		{5B522CC7-9D74-495B-ACBC-BBF7F96CD64D}.Debug|x64.ActiveCfg = Debug|Any CPU
		{5B522CC7-9D74-495B-ACBC-BBF7F96CD64D}.Debug|x64.Build.0 = Debug|Any CPU
		{5B522CC7-9D74-495B-ACBC-BBF7F96CD64D}.Debug|x86.ActiveCfg = Debug|Any CPU
		{5B522CC7-9D74-495B-ACBC-BBF7F96CD64D}.Debug|x86.Build.0 = Debug|Any CPU
		{5B522CC7-9D74-495B-ACBC-BBF7F96CD64D}.Release|Any CPU.ActiveCfg = Release|Any CPU
		{5B522CC7-9D74-495B-ACBC-BBF7F96CD64D}.Release|Any CPU.Build.0 = Release|Any CPU
		{5B522CC7-9D74-495B-ACBC-BBF7F96CD64D}.Release|x64.ActiveCfg = Release|Any CPU
		{5B522CC7-9D74-495B-ACBC-BBF7F96CD64D}.Release|x64.Build.0 = Release|Any CPU
		{5B522CC7-9D74-495B-ACBC-BBF7F96CD64D}.Release|x86.ActiveCfg = Release|Any CPU
		{5B522CC7-9D74-495B-ACBC-BBF7F96CD64D}.Release|x86.Build.0 = Release|Any CPU
		{C34AD15F-CC3F-4A5E-95A4-87A1F1B80B7A}.Debug|Any CPU.ActiveCfg = Debug|Any CPU
		{C34AD15F-CC3F-4A5E-95A4-87A1F1B80B7A}.Debug|Any CPU.Build.0 = Debug|Any CPU
		{C34AD15F-CC3F-4A5E-95A4-87A1F1B80B7A}.Debug|x64.ActiveCfg = Debug|Any CPU
		{C34AD15F-CC3F-4A5E-95A4-87A1F1B80B7A}.Debug|x64.Build.0 = Debug|Any CPU
		{C34AD15F-CC3F-4A5E-95A4-87A1F1B80B7A}.Debug|x86.ActiveCfg = Debug|Any CPU
		{C34AD15F-CC3F-4A5E-95A4-87A1F1B80B7A}.Debug|x86.Build.0 = Debug|Any CPU
		{C34AD15F-CC3F-4A5E-95A4-87A1F1B80B7A}.Release|Any CPU.ActiveCfg = Release|Any CPU
		{C34AD15F-CC3F-4A5E-95A4-87A1F1B80B7A}.Release|Any CPU.Build.0 = Release|Any CPU
		{C34AD15F-CC3F-4A5E-95A4-87A1F1B80B7A}.Release|x64.ActiveCfg = Release|Any CPU
		{C34AD15F-CC3F-4A5E-95A4-87A1F1B80B7A}.Release|x64.Build.0 = Release|Any CPU
		{C34AD15F-CC3F-4A5E-95A4-87A1F1B80B7A}.Release|x86.ActiveCfg = Release|Any CPU
		{C34AD15F-CC3F-4A5E-95A4-87A1F1B80B7A}.Release|x86.Build.0 = Release|Any CPU
	EndGlobalSection
	GlobalSection(SolutionProperties) = preSolution
		HideSolutionNode = FALSE
	EndGlobalSection
	GlobalSection(NestedProjects) = preSolution
		{02536C8C-4AE3-415A-8CE8-B22FC1D15866} = {335C1572-6199-4DCF-917E-4505B8377079}
		{02EA681E-C7D8-13C7-8484-4AC65E1B71E8} = {5854FF58-B8C5-05C6-5BF2-ACE42193F22B}
		{FD652EB9-9AAD-4C19-B4C7-FF488290AC19} = {02EA681E-C7D8-13C7-8484-4AC65E1B71E8}
		{335C1572-6199-4DCF-917E-4505B8377079} = {5854FF58-B8C5-05C6-5BF2-ACE42193F22B}
		{332BB80D-6FF8-4078-BF20-B5274F98D03D} = {5854FF58-B8C5-05C6-5BF2-ACE42193F22B}
		{4261F4FA-0925-484B-A444-5559DC0FDC75} = {332BB80D-6FF8-4078-BF20-B5274F98D03D}
		{DF9E2B84-EF2A-45F8-9AB2-2EB4B1958745} = {5854FF58-B8C5-05C6-5BF2-ACE42193F22B}
		{FBC15D59-C3E3-4949-B16F-7C4CF8A234E7} = {DF9E2B84-EF2A-45F8-9AB2-2EB4B1958745}
		{12EFC7DB-5E4B-4357-864B-3F588119FB1A} = {DF9E2B84-EF2A-45F8-9AB2-2EB4B1958745}
		{5B522CC7-9D74-495B-ACBC-BBF7F96CD64D} = {DF9E2B84-EF2A-45F8-9AB2-2EB4B1958745}
		{C34AD15F-CC3F-4A5E-95A4-87A1F1B80B7A} = {DF9E2B84-EF2A-45F8-9AB2-2EB4B1958745}
	EndGlobalSection
	GlobalSection(ExtensibilityGlobals) = postSolution
		SolutionGuid = {DCD794AD-9A63-4276-BC21-95EDAA2A9631}
	EndGlobalSection
EndGlobal
